{
  "name": "pong",
  "version": "1.0.0",
  "lockfileVersion": 3,
  "requires": true,
  "packages": {
    "": {
      "name": "pong",
      "version": "1.0.0",
      "dependencies": {
        "bloom": "file:../../"
      }
    },
    "../..": {
      "name": "bloom",
      "version": "0.1.0",
      "license": "MIT"
    },
    "node_modules/bloom": {
      "resolved": "../..",
      "link": true
    }
  }
}
